
Microsoft Visual Studio Solution File, Format Version 12.00
# Visual Studio Version 17
VisualStudioVersion = 17.10.34928.147
MinimumVisualStudioVersion = 10.0.40219.1
Project("{FAE04EC0-301F-11D3-BF4B-00C04F79EFBC}") = "exercises", "exercises.csproj", "{ADB2580A-E139-4F20-B1AC-E04430EF36AC}"
EndProject
Project("{FAE04EC0-301F-11D3-BF4B-00C04F79EFBC}") = "array", "..\array\array.csproj", "{65DC81A7-519C-4363-96CF-3F69E529B6FA}"
EndProject
Global
	GlobalSection(SolutionConfigurationPlatforms) = preSolution
		Debug|Any CPU = Debug|Any CPU
		Release|Any CPU = Release|Any CPU
	EndGlobalSection
	GlobalSection(ProjectConfigurationPlatforms) = postSolution
		{ADB2580A-E139-4F20-B1AC-E04430EF36AC}.Debug|Any CPU.ActiveCfg = Debug|Any CPU
		{ADB2580A-E139-4F20-B1AC-E04430EF36AC}.Debug|Any CPU.Build.0 = Debug|Any CPU
		{ADB2580A-E139-4F20-B1AC-E04430EF36AC}.Release|Any CPU.ActiveCfg = Release|Any CPU
		{ADB2580A-E139-4F20-B1AC-E04430EF36AC}.Release|Any CPU.Build.0 = Release|Any CPU
		{65DC81A7-519C-4363-96CF-3F69E529B6FA}.Debug|Any CPU.ActiveCfg = Debug|Any CPU
		{65DC81A7-519C-4363-96CF-3F69E529B6FA}.Debug|Any CPU.Build.0 = Debug|Any CPU
		{65DC81A7-519C-4363-96CF-3F69E529B6FA}.Release|Any CPU.ActiveCfg = Release|Any CPU
		{65DC81A7-519C-4363-96CF-3F69E529B6FA}.Release|Any CPU.Build.0 = Release|Any CPU
	EndGlobalSection
	GlobalSection(SolutionProperties) = preSolution
		HideSolutionNode = FALSE
	EndGlobalSection
	GlobalSection(ExtensibilityGlobals) = postSolution
		SolutionGuid = {3C503122-A601-4354-A5EA-EE8816A5922D}
	EndGlobalSection
EndGlobal
